# THIS IS AN AUTOGENERATED FILE. DO NOT EDIT THIS FILE DIRECTLY.
# yarn lockfile v1


"@esbuild/win32-x64@0.24.2":
  version "0.24.2"
  resolved "https://registry.npmjs.org/@esbuild/win32-x64/-/win32-x64-0.24.2.tgz"
  integrity sha512-7VTgWzgMGvup6aSqDPLiW5zHaxYJGTO4OokMjIlrCtf+VpEL+cXKtCvg723iguPYI5oaUNdS+/V7OU2gvXVWEg==

"@parcel/watcher-win32-x64@2.5.1":
  version "2.5.1"
  resolved "https://registry.npmjs.org/@parcel/watcher-win32-x64/-/watcher-win32-x64-2.5.1.tgz"
  integrity sha512-9lHBdJITeNR++EvSQVUcaZoWupyHfXe1jZvGZ06O/5MflPcuPLtEphScIBL+AiCWBO46tDSHzWyD0uDmmZqsgA==

"@parcel/watcher@^2.4.1":
  version "2.5.1"
  resolved "https://registry.npmjs.org/@parcel/watcher/-/watcher-2.5.1.tgz"
  integrity sha512-dfUnCxiN9H4ap84DvD2ubjw+3vUNpstxa0TneY/Paat8a3R4uQZDLSvWjmznAY/DoahqTHl9V46HF/Zs3F29pg==
  dependencies:
    detect-libc "^1.0.3"
    is-glob "^4.0.3"
    micromatch "^4.0.5"
    node-addon-api "^7.0.0"
  optionalDependencies:
    "@parcel/watcher-android-arm64" "2.5.1"
    "@parcel/watcher-darwin-arm64" "2.5.1"
    "@parcel/watcher-darwin-x64" "2.5.1"
    "@parcel/watcher-freebsd-x64" "2.5.1"
    "@parcel/watcher-linux-arm-glibc" "2.5.1"
    "@parcel/watcher-linux-arm-musl" "2.5.1"
    "@parcel/watcher-linux-arm64-glibc" "2.5.1"
    "@parcel/watcher-linux-arm64-musl" "2.5.1"
    "@parcel/watcher-linux-x64-glibc" "2.5.1"
    "@parcel/watcher-linux-x64-musl" "2.5.1"
    "@parcel/watcher-win32-arm64" "2.5.1"
    "@parcel/watcher-win32-ia32" "2.5.1"
    "@parcel/watcher-win32-x64" "2.5.1"

"@popperjs/core@^2.11.8":
  version "2.11.8"
  resolved "https://registry.npmjs.org/@popperjs/core/-/core-2.11.8.tgz"
  integrity sha512-P1st0aksCrn9sGZhp8GMYwBnQsbvAWsZAX44oXNNvLHGqAOcoVxmjZiohstwQ7SqKnbR47akdNi+uleWD8+g6A==

"@rollup/rollup-win32-x64-msvc@4.34.4":
  version "4.34.4"
  resolved "https://registry.npmjs.org/@rollup/rollup-win32-x64-msvc/-/rollup-win32-x64-msvc-4.34.4.tgz"
  integrity sha512-p0scwGkR4kZ242xLPBuhSckrJ734frz6v9xZzD+kHVYRAkSUmdSLCIJRfql6H5//aF8Q10K+i7q8DiPfZp0b7A==

"@types/estree@1.0.6":
  version "1.0.6"
  resolved "https://registry.npmjs.org/@types/estree/-/estree-1.0.6.tgz"
  integrity sha512-AYnb1nQyY49te+VRAVgmzfcgjYS91mY5P0TKUDCLEM+gNnA+3T6rWITXRLYCpahpqSQbN5cE+gHpnPyXjHWxcw==

"@vue/reactivity@~3.1.1":
  version "3.1.5"
  resolved "https://registry.npmjs.org/@vue/reactivity/-/reactivity-3.1.5.tgz"
  integrity sha512-1tdfLmNjWG6t/CsPldh+foumYFo3cpyCHgBYQ34ylaMsJ+SNHQ1kApMIa8jN+i593zQuaw3AdWH0nJTARzCFhg==
  dependencies:
    "@vue/shared" "3.1.5"

"@vue/shared@3.1.5":
  version "3.1.5"
  resolved "https://registry.npmjs.org/@vue/shared/-/shared-3.1.5.tgz"
  integrity sha512-oJ4F3TnvpXaQwZJNF3ZK+kLPHKarDmJjJ6jyzVNDKH9md1dptjC7lWR//jrGuLdek/U6iltWxqAnYOu8gCiOvA==

alpinejs@^3.4.2:
  version "3.14.8"
  resolved "https://registry.npmjs.org/alpinejs/-/alpinejs-3.14.8.tgz"
  integrity sha512-wT2fuP2DXpGk/jKaglwy7S/IJpm1FD+b7U6zUrhwErjoq5h27S4dxkJEXVvhbdwyPv9U+3OkUuNLkZT4h2Kfrg==
  dependencies:
    "@vue/reactivity" "~3.1.1"

ansi-regex@^5.0.1:
  version "5.0.1"
  resolved "https://registry.npmjs.org/ansi-regex/-/ansi-regex-5.0.1.tgz"
  integrity sha512-quJQXlTSUGL2LH9SUXo8VwsY4soanhgo6LNSm84E1LBcE8s3O0wpdiRzyR9z/ZZJMlMWv37qOOb9pdJlMUEKFQ==

ansi-styles@^4.0.0, ansi-styles@^4.1.0:
  version "4.3.0"
  resolved "https://registry.npmjs.org/ansi-styles/-/ansi-styles-4.3.0.tgz"
  integrity sha512-zbB9rCJAT1rbjiVDb2hqKFHNYLxgtk8NURxZ3IZwD3F6NtxbXZQCnnSi1Lkx+IDohdPlFp222wVALIheZJQSEg==
  dependencies:
    color-convert "^2.0.1"

asynckit@^0.4.0:
  version "0.4.0"
  resolved "https://registry.npmjs.org/asynckit/-/asynckit-0.4.0.tgz"
  integrity sha512-Oei9OH4tRh0YqU3GxhX79dM/mwVgvbZJaSNaRk+bshkj0S5cfHcgYakreBjrHwatXKbz+IoIdYLxrKim2MjW0Q==

autoprefixer@^10.4.20:
  version "10.4.20"
  resolved "https://registry.npmjs.org/autoprefixer/-/autoprefixer-10.4.20.tgz"
  integrity sha512-XY25y5xSv/wEoqzDyXXME4AFfkZI0P23z6Fs3YgymDnKJkCGOnkL0iTxCa85UTqaSgfcqyf3UA6+c7wUvx/16g==
  dependencies:
    browserslist "^4.23.3"
    caniuse-lite "^1.0.30001646"
    fraction.js "^4.3.7"
    normalize-range "^0.1.2"
    picocolors "^1.0.1"
    postcss-value-parser "^4.2.0"

axios@^1.7.4:
  version "1.7.9"
  resolved "https://registry.npmjs.org/axios/-/axios-1.7.9.tgz"
  integrity sha512-LhLcE7Hbiryz8oMDdDptSrWowmB4Bl6RCt6sIJKpRB4XtVf0iEgewX3au/pJqm+Py1kCASkb/FFKjxQaLtxJvw==
  dependencies:
    follow-redirects "^1.15.6"
    form-data "^4.0.0"
    proxy-from-env "^1.1.0"

bootstrap-icons@^1.11.3:
  version "1.11.3"
  resolved "https://registry.npmjs.org/bootstrap-icons/-/bootstrap-icons-1.11.3.tgz"
  integrity sha512-+3lpHrCw/it2/7lBL15VR0HEumaBss0+f/Lb6ZvHISn1mlK83jjFpooTLsMWbIjJMDjDjOExMsTxnXSIT4k4ww==

bootstrap@^5.3.3:
  version "5.3.3"
  resolved "https://registry.npmjs.org/bootstrap/-/bootstrap-5.3.3.tgz"
  integrity sha512-8HLCdWgyoMguSO9o+aH+iuZ+aht+mzW0u3HIMzVu7Srrpv7EBBxTnrFlSCskwdY1+EOFQSm7uMJhNQHkdPcmjg==

braces@^3.0.3:
  version "3.0.3"
  resolved "https://registry.npmjs.org/braces/-/braces-3.0.3.tgz"
  integrity sha512-yQbXgO/OSZVD2IsiLlro+7Hf6Q18EJrKSEsdoMzKePKXct3gvD8oLcOQdIzGupr5Fj+EDe8gO/lxc1BzfMpxvA==
  dependencies:
    fill-range "^7.1.1"

browserslist@^4.23.3, "browserslist@>= 4.21.0":
  version "4.24.4"
  resolved "https://registry.npmjs.org/browserslist/-/browserslist-4.24.4.tgz"
  integrity sha512-KDi1Ny1gSePi1vm0q4oxSF8b4DR44GF4BbmS2YdhPLOEqd8pDviZOGH/GsmRwoWJ2+5Lr085X7naowMwKHDG1A==
  dependencies:
    caniuse-lite "^1.0.30001688"
    electron-to-chromium "^1.5.73"
    node-releases "^2.0.19"
    update-browserslist-db "^1.1.1"

caniuse-lite@^1.0.30001646, caniuse-lite@^1.0.30001688:
  version "1.0.30001701"
  resolved "https://registry.npmjs.org/caniuse-lite/-/caniuse-lite-1.0.30001701.tgz"
  integrity sha512-faRs/AW3jA9nTwmJBSO1PQ6L/EOgsB5HMQQq4iCu5zhPgVVgO/pZRHlmatwijZKetFw8/Pr4q6dEN8sJuq8qTw==

chalk@^4.1.2:
  version "4.1.2"
  resolved "https://registry.npmjs.org/chalk/-/chalk-4.1.2.tgz"
  integrity sha512-oKnbhFyRIXpUuez8iBMmyEa4nbj4IOQyuhc/wy9kY7/WVPcwIO9VA668Pu8RkO7+0G76SLROeyw9CpQ061i4mA==
  dependencies:
    ansi-styles "^4.1.0"
    supports-color "^7.1.0"

chokidar@^4.0.0:
  version "4.0.3"
  resolved "https://registry.npmjs.org/chokidar/-/chokidar-4.0.3.tgz"
  integrity sha512-Qgzu8kfBvo+cA4962jnP1KkS6Dop5NS6g7R5LFYJr4b8Ub94PPQXUksCw9PvXoeXPRRddRNC5C1JQUR2SMGtnA==
  dependencies:
    readdirp "^4.0.1"

cliui@^8.0.1:
  version "8.0.1"
  resolved "https://registry.npmjs.org/cliui/-/cliui-8.0.1.tgz"
  integrity sha512-BSeNnyus75C4//NQ9gQt1/csTXyo/8Sb+afLAkzAptFuMsod9HFokGNudZpi/oQV73hnVK+sR+5PVRMd+Dr7YQ==
  dependencies:
    string-width "^4.2.0"
    strip-ansi "^6.0.1"
    wrap-ansi "^7.0.0"

color-convert@^2.0.1:
  version "2.0.1"
  resolved "https://registry.npmjs.org/color-convert/-/color-convert-2.0.1.tgz"
  integrity sha512-RRECPsj7iu/xb5oKYcsFHSppFNnsj/52OVTRKb4zP5onXwVF3zVmmToNcOfGC+CRDpfK/U584fMg38ZHCaElKQ==
  dependencies:
    color-name "~1.1.4"

color-name@~1.1.4:
  version "1.1.4"
  resolved "https://registry.npmjs.org/color-name/-/color-name-1.1.4.tgz"
  integrity sha512-dOy+3AuW3a2wNbZHIuMZpTcgjGuLU/uBL/ubcZF9OXbDo8ff4O8yVp5Bf0efS8uEoYo5q4Fx7dY9OgQGXgAsQA==

combined-stream@^1.0.8:
  version "1.0.8"
  resolved "https://registry.npmjs.org/combined-stream/-/combined-stream-1.0.8.tgz"
  integrity sha512-FQN4MRfuJeHf7cBbBMJFXhKSDq+2kAArBlmRBvcvFE5BB1HZKXtSFASDhdlz9zOYwxh8lDdnvmMOe/+5cdoEdg==
  dependencies:
    delayed-stream "~1.0.0"

concurrently@^9.0.1:
  version "9.1.2"
  resolved "https://registry.npmjs.org/concurrently/-/concurrently-9.1.2.tgz"
  integrity sha512-H9MWcoPsYddwbOGM6difjVwVZHl63nwMEwDJG/L7VGtuaJhb12h2caPG2tVPWs7emuYix252iGfqOyrz1GczTQ==
  dependencies:
    chalk "^4.1.2"
    lodash "^4.17.21"
    rxjs "^7.8.1"
    shell-quote "^1.8.1"
    supports-color "^8.1.1"
    tree-kill "^1.2.2"
    yargs "^17.7.2"

delayed-stream@~1.0.0:
  version "1.0.0"
  resolved "https://registry.npmjs.org/delayed-stream/-/delayed-stream-1.0.0.tgz"
  integrity sha512-ZySD7Nf91aLB0RxL4KGrKHBXl7Eds1DAmEdcoVawXnLD7SDhpNgtuII2aAkg7a7QS41jxPSZ17p4VdGnMHk3MQ==

detect-libc@^1.0.3:
  version "1.0.3"
  resolved "https://registry.npmjs.org/detect-libc/-/detect-libc-1.0.3.tgz"
  integrity sha512-pGjwhsmsp4kL2RTz08wcOlGN83otlqHeD/Z5T8GXZB+/YcpQ/dgo+lbU8ZsGxV0HIvqqxo9l7mqYwyYMD9bKDg==

electron-to-chromium@^1.5.73:
  version "1.5.105"
  resolved "https://registry.npmjs.org/electron-to-chromium/-/electron-to-chromium-1.5.105.tgz"
  integrity sha512-ccp7LocdXx3yBhwiG0qTQ7XFrK48Ua2pxIxBdJO8cbddp/MvbBtPFzvnTchtyHQTsgqqczO8cdmAIbpMa0u2+g==

emoji-regex@^8.0.0:
  version "8.0.0"
  resolved "https://registry.npmjs.org/emoji-regex/-/emoji-regex-8.0.0.tgz"
  integrity sha512-MSjYzcWNOA0ewAHpz0MxpYFvwg6yjy1NG3xteoqz644VCo/RPgnr1/GGt+ic3iJTzQ8Eu3TdM14SawnVUmGE6A==

esbuild@^0.24.2:
  version "0.24.2"
  resolved "https://registry.npmjs.org/esbuild/-/esbuild-0.24.2.tgz"
  integrity sha512-+9egpBW8I3CD5XPe0n6BfT5fxLzxrlDzqydF3aviG+9ni1lDC/OvMHcxqEFV0+LANZG5R1bFMWfUrjVsdwxJvA==
  optionalDependencies:
    "@esbuild/aix-ppc64" "0.24.2"
    "@esbuild/android-arm" "0.24.2"
    "@esbuild/android-arm64" "0.24.2"
    "@esbuild/android-x64" "0.24.2"
    "@esbuild/darwin-arm64" "0.24.2"
    "@esbuild/darwin-x64" "0.24.2"
    "@esbuild/freebsd-arm64" "0.24.2"
    "@esbuild/freebsd-x64" "0.24.2"
    "@esbuild/linux-arm" "0.24.2"
    "@esbuild/linux-arm64" "0.24.2"
    "@esbuild/linux-ia32" "0.24.2"
    "@esbuild/linux-loong64" "0.24.2"
    "@esbuild/linux-mips64el" "0.24.2"
    "@esbuild/linux-ppc64" "0.24.2"
    "@esbuild/linux-riscv64" "0.24.2"
    "@esbuild/linux-s390x" "0.24.2"
    "@esbuild/linux-x64" "0.24.2"
    "@esbuild/netbsd-arm64" "0.24.2"
    "@esbuild/netbsd-x64" "0.24.2"
    "@esbuild/openbsd-arm64" "0.24.2"
    "@esbuild/openbsd-x64" "0.24.2"
    "@esbuild/sunos-x64" "0.24.2"
    "@esbuild/win32-arm64" "0.24.2"
    "@esbuild/win32-ia32" "0.24.2"
    "@esbuild/win32-x64" "0.24.2"

escalade@^3.1.1, escalade@^3.2.0:
  version "3.2.0"
  resolved "https://registry.npmjs.org/escalade/-/escalade-3.2.0.tgz"
  integrity sha512-WUj2qlxaQtO4g6Pq5c29GTcWGDyd8itL8zTlipgECz3JesAiiOKotd8JU6otB3PACgG6xkJUyVhboMS+bje/jA==

fill-range@^7.1.1:
  version "7.1.1"
  resolved "https://registry.npmjs.org/fill-range/-/fill-range-7.1.1.tgz"
  integrity sha512-YsGpe3WHLK8ZYi4tWDg2Jy3ebRz2rXowDxnld4bkQB00cc/1Zw9AWnC0i9ztDJitivtQvaI9KaLyKrc+hBW0yg==
  dependencies:
    to-regex-range "^5.0.1"

follow-redirects@^1.15.6:
  version "1.15.9"
  resolved "https://registry.npmjs.org/follow-redirects/-/follow-redirects-1.15.9.tgz"
  integrity sha512-gew4GsXizNgdoRyqmyfMHyAmXsZDk6mHkSxZFCzW9gwlbtOW44CDtYavM+y+72qD/Vq2l550kMF52DT8fOLJqQ==

form-data@^4.0.0:
  version "4.0.1"
  resolved "https://registry.npmjs.org/form-data/-/form-data-4.0.1.tgz"
  integrity sha512-tzN8e4TX8+kkxGPK8D5u0FNmjPUjw3lwC9lSLxxoB/+GtsJG91CO8bSWy73APlgAZzZbXEYZJuxjkHH2w+Ezhw==
  dependencies:
    asynckit "^0.4.0"
    combined-stream "^1.0.8"
    mime-types "^2.1.12"

fraction.js@^4.3.7:
  version "4.3.7"
  resolved "https://registry.npmjs.org/fraction.js/-/fraction.js-4.3.7.tgz"
  integrity sha512-ZsDfxO51wGAXREY55a7la9LScWpwv9RxIrYABrlvOFBlH/ShPnrtsXeuUIfXKKOVicNxQ+o8JTbJvjS4M89yew==

get-caller-file@^2.0.5:
  version "2.0.5"
  resolved "https://registry.npmjs.org/get-caller-file/-/get-caller-file-2.0.5.tgz"
  integrity sha512-DyFP3BM/3YHTQOCUL/w0OZHR0lpKeGrxotcHWcqNEdnltqFwXVfhEBQ94eIo34AfQpo0rGki4cyIiftY06h2Fg==

has-flag@^4.0.0:
  version "4.0.0"
  resolved "https://registry.npmjs.org/has-flag/-/has-flag-4.0.0.tgz"
  integrity sha512-EykJT/Q1KjTWctppgIAgfSO0tKVuZUjhgMr17kqTumMl6Afv3EISleU7qZUzoXDFTAHTDC4NOoG/ZxU3EvlMPQ==

html5-qrcode@^2.3.8:
  version "2.3.8"
  resolved "https://registry.npmjs.org/html5-qrcode/-/html5-qrcode-2.3.8.tgz"
  integrity sha512-jsr4vafJhwoLVEDW3n1KvPnCCXWaQfRng0/EEYk1vNcQGcG/htAdhJX0be8YyqMoSz7+hZvOZSTAepsabiuhiQ==

immutable@^5.0.2:
  version "5.0.3"
  resolved "https://registry.npmjs.org/immutable/-/immutable-5.0.3.tgz"
  integrity sha512-P8IdPQHq3lA1xVeBRi5VPqUm5HDgKnx0Ru51wZz5mjxHr5n3RWhjIpOFU7ybkUxfB+5IToy+OLaHYDBIWsv+uw==

is-extglob@^2.1.1:
  version "2.1.1"
  resolved "https://registry.npmjs.org/is-extglob/-/is-extglob-2.1.1.tgz"
  integrity sha512-SbKbANkN603Vi4jEZv49LeVJMn4yGwsbzZworEoyEiutsN3nJYdbO36zfhGJ6QEDpOZIFkDtnq5JRxmvl3jsoQ==

is-fullwidth-code-point@^3.0.0:
  version "3.0.0"
  resolved "https://registry.npmjs.org/is-fullwidth-code-point/-/is-fullwidth-code-point-3.0.0.tgz"
  integrity sha512-zymm5+u+sCsSWyD9qNaejV3DFvhCKclKdizYaJUuHA83RLjb7nSuGnddCHGv0hk+KY7BMAlsWeK4Ueg6EV6XQg==

is-glob@^4.0.3:
  version "4.0.3"
  resolved "https://registry.npmjs.org/is-glob/-/is-glob-4.0.3.tgz"
  integrity sha512-xelSayHH36ZgE7ZWhli7pW34hNbNl8Ojv5KVmkJD4hBdD3th8Tfk9vYasLM+mXWOZhFkgZfxhLSnrwRr4elSSg==
  dependencies:
    is-extglob "^2.1.1"

is-number@^7.0.0:
  version "7.0.0"
  resolved "https://registry.npmjs.org/is-number/-/is-number-7.0.0.tgz"
  integrity sha512-41Cifkg6e8TylSpdtTpeLVMqvSBEVzTttHvERD741+pnZ8ANv0004MRL43QKPDlK9cGvNp6NZWZUBlbGXYxxng==

jiti@>=1.21.0:
  version "1.21.7"
  resolved "https://registry.npmjs.org/jiti/-/jiti-1.21.7.tgz"
  integrity sha512-/imKNG4EbWNrVjoNC/1H5/9GFy+tqjGBHCaSsN+P2RnPqjsLmv6UD3Ej+Kj8nBWaRAwyk7kK5ZUc+OEatnTR3A==

jquery-filepond@^1.0.0:
  version "1.0.0"
  resolved "https://registry.npmjs.org/jquery-filepond/-/jquery-filepond-1.0.0.tgz"
  integrity sha512-ONxFHUsDMfkHFhVn+GwE8XtEFE3WhSNun5+h3KxW1RiVs2pnnkO/3WvQ+IjnLP4ywVkzEgkNXJaguxPH4Wz3aw==

laravel-vite-plugin@^1.2.0:
  version "1.2.0"
  resolved "https://registry.npmjs.org/laravel-vite-plugin/-/laravel-vite-plugin-1.2.0.tgz"
  integrity sha512-R0pJ+IcTVeqEMoKz/B2Ij57QVq3sFTABiFmb06gAwFdivbOgsUtuhX6N2MGLEArajrS3U5JbberzwOe7uXHMHQ==
  dependencies:
    picocolors "^1.0.0"
    vite-plugin-full-reload "^1.1.0"

lodash@^4.17.21:
  version "4.17.21"
  resolved "https://registry.npmjs.org/lodash/-/lodash-4.17.21.tgz"
  integrity sha512-v2kDEe57lecTulaDIuNTPy3Ry4gLGJ6Z1O3vE1krgXZNrsQ+LFTGHVxVjcXPs17LhbZVGedAJv8XZ1tvj5FvSg==

micromatch@^4.0.5:
  version "4.0.8"
  resolved "https://registry.npmjs.org/micromatch/-/micromatch-4.0.8.tgz"
  integrity sha512-PXwfBhYu0hBCPw8Dn0E+WDYb7af3dSLVWKi3HGv84IdF4TyFoC0ysxFd0Goxw7nSv4T/PzEJQxsYsEiFCKo2BA==
  dependencies:
    braces "^3.0.3"
    picomatch "^2.3.1"

mime-db@1.52.0:
  version "1.52.0"
  resolved "https://registry.npmjs.org/mime-db/-/mime-db-1.52.0.tgz"
  integrity sha512-sPU4uV7dYlvtWJxwwxHD0PuihVNiE7TyAbQ5SWxDCB9mUYvOgroQOwYQQOKPJ8CIbE+1ETVlOoK1UC2nU3gYvg==

mime-types@^2.1.12:
  version "2.1.35"
  resolved "https://registry.npmjs.org/mime-types/-/mime-types-2.1.35.tgz"
  integrity sha512-ZDY+bPm5zTTF+YpCrAU9nK0UgICYPT0QtT1NZWFv4s++TNkcgVaT0g6+4R2uI4MjQjzysHB1zxuWL50hzaeXiw==
  dependencies:
    mime-db "1.52.0"

nanoid@^3.3.8:
  version "3.3.8"
  resolved "https://registry.npmjs.org/nanoid/-/nanoid-3.3.8.tgz"
  integrity sha512-WNLf5Sd8oZxOm+TzppcYk8gVOgP+l58xNy58D0nbUnOxOWRWvlcCV4kUF7ltmI6PsrLl/BgKEyS4mqsGChFN0w==

node-addon-api@^7.0.0:
  version "7.1.1"
  resolved "https://registry.npmjs.org/node-addon-api/-/node-addon-api-7.1.1.tgz"
  integrity sha512-5m3bsyrjFWE1xf7nz7YXdN4udnVtXK6/Yfgn5qnahL6bCkf2yKt4k3nuTKAtT4r3IG8JNR2ncsIMdZuAzJjHQQ==

node-releases@^2.0.19:
  version "2.0.19"
  resolved "https://registry.npmjs.org/node-releases/-/node-releases-2.0.19.tgz"
  integrity sha512-xxOWJsBKtzAq7DY0J+DTzuz58K8e7sJbdgwkbMWQe8UYB6ekmsQ45q0M/tJDsGaZmbC+l7n57UV8Hl5tHxO9uw==

normalize-range@^0.1.2:
  version "0.1.2"
  resolved "https://registry.npmjs.org/normalize-range/-/normalize-range-0.1.2.tgz"
  integrity sha512-bdok/XvKII3nUpklnV6P2hxtMNrCboOjAcyBuQnWEhO665FwrSNRxU+AqpsyvO6LgGYPspN+lu5CLtw4jPRKNA==

picocolors@^1.0.0, picocolors@^1.0.1, picocolors@^1.1.1:
  version "1.1.1"
  resolved "https://registry.npmjs.org/picocolors/-/picocolors-1.1.1.tgz"
  integrity sha512-xceH2snhtb5M9liqDsmEw56le376mTZkEX/jEb/RxNFyegNul7eNslCXP9FDj/Lcu0X8KEyMceP2ntpaHrDEVA==

picomatch@^2.3.1:
  version "2.3.1"
  resolved "https://registry.npmjs.org/picomatch/-/picomatch-2.3.1.tgz"
  integrity sha512-JU3teHTNjmE2VCGFzuY8EXzCDVwEqB2a8fsIvwaStHhAWJEeVd1o1QD80CU6+ZdEXXSLbSsuLwJjkCBWqRQUVA==

postcss-value-parser@^4.2.0:
  version "4.2.0"
  resolved "https://registry.npmjs.org/postcss-value-parser/-/postcss-value-parser-4.2.0.tgz"
  integrity sha512-1NNCs6uurfkVbeXG4S8JFT9t19m45ICnif8zWLd5oPSZ50QnwMfK+H3jv408d4jw/7Bttv5axS5IiHoLaVNHeQ==

postcss@^8.1.0, postcss@^8.5.1:
  version "8.5.1"
  resolved "https://registry.npmjs.org/postcss/-/postcss-8.5.1.tgz"
  integrity sha512-6oz2beyjc5VMn/KV1pPw8fliQkhBXrVn1Z3TVyqZxU8kZpzEKhBdmCFqI6ZbmGtamQvQGuU1sgPTk8ZrXDD7jQ==
  dependencies:
    nanoid "^3.3.8"
    picocolors "^1.1.1"
    source-map-js "^1.2.1"

proxy-from-env@^1.1.0:
  version "1.1.0"
  resolved "https://registry.npmjs.org/proxy-from-env/-/proxy-from-env-1.1.0.tgz"
  integrity sha512-D+zkORCbA9f1tdWRK0RaCR3GPv50cMxcrz4X8k5LTSUD1Dkw47mKJEZQNunItRTkWwgtaUSo1RVFRIG9ZXiFYg==

readdirp@^4.0.1:
  version "4.1.1"
  resolved "https://registry.npmjs.org/readdirp/-/readdirp-4.1.1.tgz"
  integrity sha512-h80JrZu/MHUZCyHu5ciuoI0+WxsCxzxJTILn6Fs8rxSnFPh+UVHYfeIxK1nVGugMqkfC4vJcBOYbkfkwYK0+gw==

require-directory@^2.1.1:
  version "2.1.1"
  resolved "https://registry.npmjs.org/require-directory/-/require-directory-2.1.1.tgz"
  integrity sha512-fGxEI7+wsG9xrvdjsrlmL22OMTTiHRwAMroiEeMgq8gzoLC/PQr7RsRDSTLUg/bZAZtF+TVIkHc6/4RIKrui+Q==

rollup@^4.30.1:
  version "4.34.4"
  resolved "https://registry.npmjs.org/rollup/-/rollup-4.34.4.tgz"
  integrity sha512-spF66xoyD7rz3o08sHP7wogp1gZ6itSq22SGa/IZTcUDXDlOyrShwMwkVSB+BUxFRZZCUYqdb3KWDEOMVQZxuw==
  dependencies:
    "@types/estree" "1.0.6"
  optionalDependencies:
    "@rollup/rollup-android-arm-eabi" "4.34.4"
    "@rollup/rollup-android-arm64" "4.34.4"
    "@rollup/rollup-darwin-arm64" "4.34.4"
    "@rollup/rollup-darwin-x64" "4.34.4"
    "@rollup/rollup-freebsd-arm64" "4.34.4"
    "@rollup/rollup-freebsd-x64" "4.34.4"
    "@rollup/rollup-linux-arm-gnueabihf" "4.34.4"
    "@rollup/rollup-linux-arm-musleabihf" "4.34.4"
    "@rollup/rollup-linux-arm64-gnu" "4.34.4"
    "@rollup/rollup-linux-arm64-musl" "4.34.4"
    "@rollup/rollup-linux-loongarch64-gnu" "4.34.4"
    "@rollup/rollup-linux-powerpc64le-gnu" "4.34.4"
    "@rollup/rollup-linux-riscv64-gnu" "4.34.4"
    "@rollup/rollup-linux-s390x-gnu" "4.34.4"
    "@rollup/rollup-linux-x64-gnu" "4.34.4"
    "@rollup/rollup-linux-x64-musl" "4.34.4"
    "@rollup/rollup-win32-arm64-msvc" "4.34.4"
    "@rollup/rollup-win32-ia32-msvc" "4.34.4"
    "@rollup/rollup-win32-x64-msvc" "4.34.4"
    fsevents "~2.3.2"

rxjs@^7.8.1:
  version "7.8.1"
  resolved "https://registry.npmjs.org/rxjs/-/rxjs-7.8.1.tgz"
  integrity sha512-AA3TVj+0A2iuIoQkWEK/tqFjBq2j+6PO6Y0zJcvzLAFhEFIO3HL0vls9hWLncZbAAbK0mar7oZ4V079I/qPMxg==
  dependencies:
    tslib "^2.1.0"

sass@*, sass@^1.84.0:
  version "1.84.0"
  resolved "https://registry.npmjs.org/sass/-/sass-1.84.0.tgz"
  integrity sha512-XDAbhEPJRxi7H0SxrnOpiXFQoUJHwkR2u3Zc4el+fK/Tt5Hpzw5kkQ59qVDfvdaUq6gCrEZIbySFBM2T9DNKHg==
  dependencies:
    chokidar "^4.0.0"
    immutable "^5.0.2"
    source-map-js ">=0.6.2 <2.0.0"
  optionalDependencies:
    "@parcel/watcher" "^2.4.1"

shell-quote@^1.8.1:
  version "1.8.2"
  resolved "https://registry.npmjs.org/shell-quote/-/shell-quote-1.8.2.tgz"
  integrity sha512-AzqKpGKjrj7EM6rKVQEPpB288oCfnrEIuyoT9cyF4nmGa7V8Zk6f7RRqYisX8X9m+Q7bd632aZW4ky7EhbQztA==

source-map-js@^1.2.1, "source-map-js@>=0.6.2 <2.0.0":
  version "1.2.1"
  resolved "https://registry.npmjs.org/source-map-js/-/source-map-js-1.2.1.tgz"
  integrity sha512-UXWMKhLOwVKb728IUtQPXxfYU+usdybtUrK/8uGE8CQMvrhOpwvzDBwj0QhSL7MQc7vIsISBG8VQ8+IDQxpfQA==

string-width@^4.1.0, string-width@^4.2.0:
  version "4.2.3"
  resolved "https://registry.npmjs.org/string-width/-/string-width-4.2.3.tgz"
  integrity sha512-wKyQRQpjJ0sIp62ErSZdGsjMJWsap5oRNihHhu6G7JVO/9jIB6UyevL+tXuOqrng8j/cxKTWyWUwvSTriiZz/g==
  dependencies:
    emoji-regex "^8.0.0"
    is-fullwidth-code-point "^3.0.0"
    strip-ansi "^6.0.1"

string-width@^4.2.3:
  version "4.2.3"
  resolved "https://registry.npmjs.org/string-width/-/string-width-4.2.3.tgz"
  integrity sha512-wKyQRQpjJ0sIp62ErSZdGsjMJWsap5oRNihHhu6G7JVO/9jIB6UyevL+tXuOqrng8j/cxKTWyWUwvSTriiZz/g==
  dependencies:
    emoji-regex "^8.0.0"
    is-fullwidth-code-point "^3.0.0"
    strip-ansi "^6.0.1"

strip-ansi@^6.0.0, strip-ansi@^6.0.1:
  version "6.0.1"
  resolved "https://registry.npmjs.org/strip-ansi/-/strip-ansi-6.0.1.tgz"
  integrity sha512-Y38VPSHcqkFrCpFnQ9vuSXmquuv5oXOKpGeT6aGrr3o3Gc9AlVa6JBfUSOCnbxGGZF+/0ooI7KrPuUSztUdU5A==
  dependencies:
    ansi-regex "^5.0.1"

supports-color@^7.1.0:
  version "7.2.0"
  resolved "https://registry.npmjs.org/supports-color/-/supports-color-7.2.0.tgz"
  integrity sha512-qpCAvRl9stuOHveKsn7HncJRvv501qIacKzQlO/+Lwxc9+0q2wLyv4Dfvt80/DPn2pqOBsJdDiogXGR9+OvwRw==
  dependencies:
    has-flag "^4.0.0"

supports-color@^8.1.1:
  version "8.1.1"
  resolved "https://registry.npmjs.org/supports-color/-/supports-color-8.1.1.tgz"
  integrity sha512-MpUEN2OodtUzxvKQl72cUF7RQ5EiHsGvSsVG0ia9c5RbWGL2CI4C7EpPS8UTBIplnlzZiNuV56w+FuNxy3ty2Q==
  dependencies:
    has-flag "^4.0.0"

to-regex-range@^5.0.1:
  version "5.0.1"
  resolved "https://registry.npmjs.org/to-regex-range/-/to-regex-range-5.0.1.tgz"
  integrity sha512-65P7iz6X5yEr1cwcgvQxbbIw7Uk3gOy5dIdtZ4rDveLqhrdJP+Li/Hx6tyK0NEb+2GCyneCMJiGqrADCSNk8sQ==
  dependencies:
    is-number "^7.0.0"

tree-kill@^1.2.2:
  version "1.2.2"
  resolved "https://registry.npmjs.org/tree-kill/-/tree-kill-1.2.2.tgz"
  integrity sha512-L0Orpi8qGpRG//Nd+H90vFB+3iHnue1zSSGmNOOCh1GLJ7rUKVwV2HvijphGQS2UmhUZewS9VgvxYIdgr+fG1A==

tslib@^2.1.0:
  version "2.8.1"
  resolved "https://registry.npmjs.org/tslib/-/tslib-2.8.1.tgz"
  integrity sha512-oJFu94HQb+KVduSUQL7wnpmqnfmLsOA/nAh6b6EH0wCEoK0/mPeXU6c3wKDV83MkOuHPRHtSXKKU99IBazS/2w==

update-browserslist-db@^1.1.1:
  version "1.1.2"
  resolved "https://registry.npmjs.org/update-browserslist-db/-/update-browserslist-db-1.1.2.tgz"
  integrity sha512-PPypAm5qvlD7XMZC3BujecnaOxwhrtoFR+Dqkk5Aa/6DssiH0ibKoketaj9w8LP7Bont1rYeoV5plxD7RTEPRg==
  dependencies:
    escalade "^3.2.0"
    picocolors "^1.1.1"

vite-plugin-full-reload@^1.1.0:
  version "1.2.0"
  resolved "https://registry.npmjs.org/vite-plugin-full-reload/-/vite-plugin-full-reload-1.2.0.tgz"
  integrity sha512-kz18NW79x0IHbxRSHm0jttP4zoO9P9gXh+n6UTwlNKnviTTEpOlum6oS9SmecrTtSr+muHEn5TUuC75UovQzcA==
  dependencies:
    picocolors "^1.0.0"
    picomatch "^2.3.1"

"vite@^5.0.0 || ^6.0.0", vite@^6.0.11:
  version "6.1.0"
  resolved "https://registry.npmjs.org/vite/-/vite-6.1.0.tgz"
  integrity sha512-RjjMipCKVoR4hVfPY6GQTgveinjNuyLw+qruksLDvA5ktI1150VmcMBKmQaEWJhg/j6Uaf6dNCNA0AfdzUb/hQ==
  dependencies:
    esbuild "^0.24.2"
    postcss "^8.5.1"
    rollup "^4.30.1"
  optionalDependencies:
    fsevents "~2.3.3"

wrap-ansi@^7.0.0:
  version "7.0.0"
  resolved "https://registry.npmjs.org/wrap-ansi/-/wrap-ansi-7.0.0.tgz"
  integrity sha512-YVGIj2kamLSTxw6NsZjoBxfSwsn0ycdesmc4p+Q21c5zPuZ1pl+NfxVdxPtdHvmNVOQ6XSYG4AUtyt/Fi7D16Q==
  dependencies:
    ansi-styles "^4.0.0"
    string-width "^4.1.0"
    strip-ansi "^6.0.0"

y18n@^5.0.5:
  version "5.0.8"
  resolved "https://registry.npmjs.org/y18n/-/y18n-5.0.8.tgz"
  integrity sha512-0pfFzegeDWJHJIAmTLRP2DwHjdF5s7jo9tuztdQxAhINCdvS+3nGINqPd00AphqJR/0LhANUS6/+7SCb98YOfA==

yaml@^2.4.2:
  version "2.7.0"
  resolved "https://registry.npmjs.org/yaml/-/yaml-2.7.0.tgz"
  integrity sha512-+hSoy/QHluxmC9kCIJyL/uyFmLmc+e5CFR5Wa+bpIhIj85LVb9ZH2nVnqrHoSvKogwODv0ClqZkmiSSaIH5LTA==

yargs-parser@^21.1.1:
  version "21.1.1"
  resolved "https://registry.npmjs.org/yargs-parser/-/yargs-parser-21.1.1.tgz"
  integrity sha512-tVpsJW7DdjecAiFpbIB1e3qxIQsE6NoPc5/eTdrbbIC4h0LVsWhnoa3g+m2HclBIujHzsxZ4VJVA+GUuc2/LBw==

yargs@^17.7.2:
  version "17.7.2"
  resolved "https://registry.npmjs.org/yargs/-/yargs-17.7.2.tgz"
  integrity sha512-7dSzzRQ++CKnNI/krKnYRV7JKKPUXMEh61soaHKg9mrWEhzFWhFnxPxGl+69cD1Ou63C13NUPCnmIcrvqCuM6w==
  dependencies:
    cliui "^8.0.1"
    escalade "^3.1.1"
    get-caller-file "^2.0.5"
    require-directory "^2.1.1"
    string-width "^4.2.3"
    y18n "^5.0.5"
    yargs-parser "^21.1.1"
